
Microsoft Visual Studio Solution File, Format Version 12.00
# Visual Studio Version 17
VisualStudioVersion = 17.3.32825.248
MinimumVisualStudioVersion = 10.0.40219.1
Project("{FAE04EC0-301F-11D3-BF4B-00C04F79EFBC}") = "CoursesServer", "CoursesServer\CoursesServer.csproj", "{50722F6A-B8A7-42C5-A141-FB3AD2903E47}"
EndProject
Global
	GlobalSection(SolutionConfigurationPlatforms) = preSolution
		Debug|Any CPU = Debug|Any CPU
		Release|Any CPU = Release|Any CPU
	EndGlobalSection
	GlobalSection(ProjectConfigurationPlatforms) = postSolution
		{50722F6A-B8A7-42C5-A141-FB3AD2903E47}.Debug|Any CPU.ActiveCfg = Debug|Any CPU
		{50722F6A-B8A7-42C5-A141-FB3AD2903E47}.Debug|Any CPU.Build.0 = Debug|Any CPU
		{50722F6A-B8A7-42C5-A141-FB3AD2903E47}.Release|Any CPU.ActiveCfg = Release|Any CPU
		{50722F6A-B8A7-42C5-A141-FB3AD2903E47}.Release|Any CPU.Build.0 = Release|Any CPU
	EndGlobalSection
	GlobalSection(SolutionProperties) = preSolution
		HideSolutionNode = FALSE
	EndGlobalSection
	GlobalSection(ExtensibilityGlobals) = postSolution
		SolutionGuid = {E1764D27-B3FE-477D-B01D-8E193EFEB964}
	EndGlobalSection
EndGlobal
